// !$*UTF8*$!
{
	archiveVersion = 1;
	classes = {
	};
	objectVersion = 46;
	objects = {

/* Begin PBXBuildFile section */
		8E297BA41B13570300A39CE2 /* Localizable.strings in Resources */ = {isa = PBXBuildFile; fileRef = 8E297BA61B13570300A39CE2 /* Localizable.strings */; };
		8E297BAD1B14846C00A39CE2 /* MKButton.swift in Sources */ = {isa = PBXBuildFile; fileRef = 8E297BAC1B14846C00A39CE2 /* MKButton.swift */; };
		8E297BAF1B14853300A39CE2 /* MKLayer.swift in Sources */ = {isa = PBXBuildFile; fileRef = 8E297BAE1B14853300A39CE2 /* MKLayer.swift */; };
		8E479A5C1B0F0FEF00D97A5D /* Timer.swift in Sources */ = {isa = PBXBuildFile; fileRef = 8E479A591B0F0FEF00D97A5D /* Timer.swift */; };
		8E479A5D1B0F0FEF00D97A5D /* DownloadManager.swift in Sources */ = {isa = PBXBuildFile; fileRef = 8E479A5A1B0F0FEF00D97A5D /* DownloadManager.swift */; };
		8E479A5E1B0F0FEF00D97A5D /* Array+DownloadManager.swift in Sources */ = {isa = PBXBuildFile; fileRef = 8E479A5B1B0F0FEF00D97A5D /* Array+DownloadManager.swift */; };
		8E479A601B0F5B7100D97A5D /* black.jpg in Resources */ = {isa = PBXBuildFile; fileRef = 8E479A5F1B0F5B7100D97A5D /* black.jpg */; };
		8E4AAB631AFE44BE00808F28 /* AppDelegate.swift in Sources */ = {isa = PBXBuildFile; fileRef = 8E4AAB621AFE44BE00808F28 /* AppDelegate.swift */; };
		8E4AAB651AFE44BE00808F28 /* SearchResultVC.swift in Sources */ = {isa = PBXBuildFile; fileRef = 8E4AAB641AFE44BE00808F28 /* SearchResultVC.swift */; };
		8E4AAB681AFE44BE00808F28 /* Main.storyboard in Resources */ = {isa = PBXBuildFile; fileRef = 8E4AAB661AFE44BE00808F28 /* Main.storyboard */; };
		8E4AAB6A1AFE44BE00808F28 /* Images.xcassets in Resources */ = {isa = PBXBuildFile; fileRef = 8E4AAB691AFE44BE00808F28 /* Images.xcassets */; };
		8E4AAB6D1AFE44BE00808F28 /* LaunchScreen.xib in Resources */ = {isa = PBXBuildFile; fileRef = 8E4AAB6B1AFE44BE00808F28 /* LaunchScreen.xib */; };
		8E4AAB791AFE44BF00808F28 /* musicTests.swift in Sources */ = {isa = PBXBuildFile; fileRef = 8E4AAB781AFE44BF00808F28 /* musicTests.swift */; };
		8E4AAB861AFE4D0600808F28 /* TrackList.swift in Sources */ = {isa = PBXBuildFile; fileRef = 8E4AAB851AFE4D0600808F28 /* TrackList.swift */; };
		8E4AAB881AFE560200808F28 /* APIController.swift in Sources */ = {isa = PBXBuildFile; fileRef = 8E4AAB871AFE560200808F28 /* APIController.swift */; };
		8E4AAB8A1AFE58CF00808F28 /* SearchResultCell.swift in Sources */ = {isa = PBXBuildFile; fileRef = 8E4AAB891AFE58CF00808F28 /* SearchResultCell.swift */; };
		8E4BA8EA1B02403D00234C93 /* CacheHandler.swift in Sources */ = {isa = PBXBuildFile; fileRef = 8E4BA8E91B02403D00234C93 /* CacheHandler.swift */; };
		8E4BA8F21B02574D00234C93 /* AudioPlayer.swift in Sources */ = {isa = PBXBuildFile; fileRef = 8E4BA8F11B02574D00234C93 /* AudioPlayer.swift */; };
		8E4BA9011B037FC500234C93 /* PlayMusic.swift in Sources */ = {isa = PBXBuildFile; fileRef = 8E4BA9001B037FC500234C93 /* PlayMusic.swift */; };
		8E5038DA1B149A5C0065DD52 /* ic_play_btn.png in Resources */ = {isa = PBXBuildFile; fileRef = 8E5038D91B149A5C0065DD52 /* ic_play_btn.png */; };
		8E5038DC1B14A3470065DD52 /* durationBack.png in Resources */ = {isa = PBXBuildFile; fileRef = 8E5038DB1B14A3470065DD52 /* durationBack.png */; };
		8E8F17201B04D7A9004F9972 /* ic_play.png in Resources */ = {isa = PBXBuildFile; fileRef = 8E8F171F1B04D7A9004F9972 /* ic_play.png */; };
		8E8F17231B04E575004F9972 /* ic_play_asphalt.png in Resources */ = {isa = PBXBuildFile; fileRef = 8E8F17211B04E575004F9972 /* ic_play_asphalt.png */; };
		8E8F17241B04E575004F9972 /* ic_pause_asphalt.png in Resources */ = {isa = PBXBuildFile; fileRef = 8E8F17221B04E575004F9972 /* ic_pause_asphalt.png */; };
		8E8F17291B050915004F9972 /* ProgressView.swift in Sources */ = {isa = PBXBuildFile; fileRef = 8E8F17281B050915004F9972 /* ProgressView.swift */; };
		8E8F172B1B05100B004F9972 /* ImageLoader.swift in Sources */ = {isa = PBXBuildFile; fileRef = 8E8F172A1B05100B004F9972 /* ImageLoader.swift */; };
		8EC144AE1B0B5FFA00CB4AAA /* PlaylistItem.swift in Sources */ = {isa = PBXBuildFile; fileRef = 8EC144AD1B0B5FFA00CB4AAA /* PlaylistItem.swift */; };
		8EC144B01B0B66EF00CB4AAA /* blue.jpg in Resources */ = {isa = PBXBuildFile; fileRef = 8EC144AF1B0B66EF00CB4AAA /* blue.jpg */; };
		8EC144B21B0B69A800CB4AAA /* PlayerControlBar.swift in Sources */ = {isa = PBXBuildFile; fileRef = 8EC144B11B0B69A800CB4AAA /* PlayerControlBar.swift */; };
		8EC144B41B0B8DEF00CB4AAA /* PlaylistTableViewCell.swift in Sources */ = {isa = PBXBuildFile; fileRef = 8EC144B31B0B8DEF00CB4AAA /* PlaylistTableViewCell.swift */; };
		8EC50B5A1B00F052006C009F /* CaptchaNeededVC.swift in Sources */ = {isa = PBXBuildFile; fileRef = 8EC50B591B00F052006C009F /* CaptchaNeededVC.swift */; };
		8ED87FFA1B05DAE0008740B0 /* SettingsVC.swift in Sources */ = {isa = PBXBuildFile; fileRef = 8ED87FF91B05DAE0008740B0 /* SettingsVC.swift */; };
		8ED87FFC1B062C3D008740B0 /* SettingsSort.swift in Sources */ = {isa = PBXBuildFile; fileRef = 8ED87FFB1B062C3D008740B0 /* SettingsSort.swift */; };
		8ED880061B067F1B008740B0 /* pulltorefresharrow.png in Resources */ = {isa = PBXBuildFile; fileRef = 8ED880021B067F1B008740B0 /* pulltorefresharrow.png */; };
		8ED880071B067F1B008740B0 /* PullToRefreshConst.swift in Sources */ = {isa = PBXBuildFile; fileRef = 8ED880031B067F1B008740B0 /* PullToRefreshConst.swift */; };
		8ED880081B067F1B008740B0 /* PullToRefreshView.swift in Sources */ = {isa = PBXBuildFile; fileRef = 8ED880041B067F1B008740B0 /* PullToRefreshView.swift */; };
		8ED880091B067F1B008740B0 /* UIScrollViewExtension.swift in Sources */ = {isa = PBXBuildFile; fileRef = 8ED880051B067F1B008740B0 /* UIScrollViewExtension.swift */; };
		8ED8800C1B0732D4008740B0 /* Colors.swift in Sources */ = {isa = PBXBuildFile; fileRef = 8ED8800B1B0732D4008740B0 /* Colors.swift */; };
		8ED8800E1B085AB4008740B0 /* DownloadedFilesVC.swift in Sources */ = {isa = PBXBuildFile; fileRef = 8ED8800D1B085AB4008740B0 /* DownloadedFilesVC.swift */; };
		8ED880101B088ACE008740B0 /* MusicPlayer.swift in Sources */ = {isa = PBXBuildFile; fileRef = 8ED8800F1B088ACE008740B0 /* MusicPlayer.swift */; };
/* End PBXBuildFile section */

/* Begin PBXContainerItemProxy section */
		8E4AAB731AFE44BF00808F28 /* PBXContainerItemProxy */ = {
			isa = PBXContainerItemProxy;
			containerPortal = 8E4AAB551AFE44BE00808F28 /* Project object */;
			proxyType = 1;
			remoteGlobalIDString = 8E4AAB5C1AFE44BE00808F28;
			remoteInfo = music;
		};
/* End PBXContainerItemProxy section */

/* Begin PBXFileReference section */
		773E6928008805D7772818C7 /* libPods.a */ = {isa = PBXFileReference; explicitFileType = archive.ar; includeInIndex = 0; path = libPods.a; sourceTree = BUILT_PRODUCTS_DIR; };
		8E297BA51B13570300A39CE2 /* en */ = {isa = PBXFileReference; lastKnownFileType = text.plist.strings; name = en; path = en.lproj/Localizable.strings; sourceTree = "<group>"; };
		8E297BA71B1357C200A39CE2 /* ru */ = {isa = PBXFileReference; lastKnownFileType = text.plist.strings; name = ru; path = ru.lproj/Localizable.strings; sourceTree = "<group>"; };
		8E297BA81B1357C200A39CE2 /* ru */ = {isa = PBXFileReference; lastKnownFileType = text.plist.strings; name = ru; path = ru.lproj/Main.strings; sourceTree = "<group>"; };
		8E297BA91B13580200A39CE2 /* tk-TM */ = {isa = PBXFileReference; lastKnownFileType = text.plist.strings; name = "tk-TM"; path = "tk-TM.lproj/Main.strings"; sourceTree = "<group>"; };
		8E297BAA1B13580200A39CE2 /* tk-TM */ = {isa = PBXFileReference; lastKnownFileType = text.plist.strings; name = "tk-TM"; path = "tk-TM.lproj/Localizable.strings"; sourceTree = "<group>"; };
		8E297BAC1B14846C00A39CE2 /* MKButton.swift */ = {isa = PBXFileReference; fileEncoding = 4; lastKnownFileType = sourcecode.swift; path = MKButton.swift; sourceTree = "<group>"; };
		8E297BAE1B14853300A39CE2 /* MKLayer.swift */ = {isa = PBXFileReference; fileEncoding = 4; lastKnownFileType = sourcecode.swift; path = MKLayer.swift; sourceTree = "<group>"; };
		8E479A591B0F0FEF00D97A5D /* Timer.swift */ = {isa = PBXFileReference; fileEncoding = 4; lastKnownFileType = sourcecode.swift; path = Timer.swift; sourceTree = "<group>"; };
		8E479A5A1B0F0FEF00D97A5D /* DownloadManager.swift */ = {isa = PBXFileReference; fileEncoding = 4; lastKnownFileType = sourcecode.swift; path = DownloadManager.swift; sourceTree = "<group>"; };
		8E479A5B1B0F0FEF00D97A5D /* Array+DownloadManager.swift */ = {isa = PBXFileReference; fileEncoding = 4; lastKnownFileType = sourcecode.swift; path = "Array+DownloadManager.swift"; sourceTree = "<group>"; };
		8E479A5F1B0F5B7100D97A5D /* black.jpg */ = {isa = PBXFileReference; lastKnownFileType = image.jpeg; path = black.jpg; sourceTree = "<group>"; };
		8E4AAB5D1AFE44BE00808F28 /* Music.app */ = {isa = PBXFileReference; explicitFileType = wrapper.application; includeInIndex = 0; path = Music.app; sourceTree = BUILT_PRODUCTS_DIR; };
		8E4AAB611AFE44BE00808F28 /* Info.plist */ = {isa = PBXFileReference; lastKnownFileType = text.plist.xml; path = Info.plist; sourceTree = "<group>"; };
		8E4AAB621AFE44BE00808F28 /* AppDelegate.swift */ = {isa = PBXFileReference; lastKnownFileType = sourcecode.swift; path = AppDelegate.swift; sourceTree = "<group>"; };
		8E4AAB641AFE44BE00808F28 /* SearchResultVC.swift */ = {isa = PBXFileReference; lastKnownFileType = sourcecode.swift; path = SearchResultVC.swift; sourceTree = "<group>"; };
		8E4AAB671AFE44BE00808F28 /* Base */ = {isa = PBXFileReference; lastKnownFileType = file.storyboard; name = Base; path = Base.lproj/Main.storyboard; sourceTree = "<group>"; };
		8E4AAB691AFE44BE00808F28 /* Images.xcassets */ = {isa = PBXFileReference; lastKnownFileType = folder.assetcatalog; path = Images.xcassets; sourceTree = "<group>"; };
		8E4AAB6C1AFE44BE00808F28 /* Base */ = {isa = PBXFileReference; lastKnownFileType = file.xib; name = Base; path = Base.lproj/LaunchScreen.xib; sourceTree = "<group>"; };
		8E4AAB721AFE44BF00808F28 /* MusicTests.xctest */ = {isa = PBXFileReference; explicitFileType = wrapper.cfbundle; includeInIndex = 0; path = MusicTests.xctest; sourceTree = BUILT_PRODUCTS_DIR; };
		8E4AAB771AFE44BF00808F28 /* Info.plist */ = {isa = PBXFileReference; lastKnownFileType = text.plist.xml; path = Info.plist; sourceTree = "<group>"; };
		8E4AAB781AFE44BF00808F28 /* musicTests.swift */ = {isa = PBXFileReference; lastKnownFileType = sourcecode.swift; path = musicTests.swift; sourceTree = "<group>"; };
		8E4AAB851AFE4D0600808F28 /* TrackList.swift */ = {isa = PBXFileReference; fileEncoding = 4; lastKnownFileType = sourcecode.swift; path = TrackList.swift; sourceTree = "<group>"; };
		8E4AAB871AFE560200808F28 /* APIController.swift */ = {isa = PBXFileReference; fileEncoding = 4; lastKnownFileType = sourcecode.swift; path = APIController.swift; sourceTree = "<group>"; };
		8E4AAB891AFE58CF00808F28 /* SearchResultCell.swift */ = {isa = PBXFileReference; fileEncoding = 4; lastKnownFileType = sourcecode.swift; path = SearchResultCell.swift; sourceTree = "<group>"; };
		8E4BA8E91B02403D00234C93 /* CacheHandler.swift */ = {isa = PBXFileReference; fileEncoding = 4; lastKnownFileType = sourcecode.swift; path = CacheHandler.swift; sourceTree = "<group>"; };
		8E4BA8F11B02574D00234C93 /* AudioPlayer.swift */ = {isa = PBXFileReference; fileEncoding = 4; lastKnownFileType = sourcecode.swift; path = AudioPlayer.swift; sourceTree = "<group>"; };
		8E4BA9001B037FC500234C93 /* PlayMusic.swift */ = {isa = PBXFileReference; fileEncoding = 4; lastKnownFileType = sourcecode.swift; path = PlayMusic.swift; sourceTree = "<group>"; };
		8E5038D91B149A5C0065DD52 /* ic_play_btn.png */ = {isa = PBXFileReference; lastKnownFileType = image.png; path = ic_play_btn.png; sourceTree = "<group>"; };
		8E5038DB1B14A3470065DD52 /* durationBack.png */ = {isa = PBXFileReference; lastKnownFileType = image.png; path = durationBack.png; sourceTree = "<group>"; };
		8E8F171F1B04D7A9004F9972 /* ic_play.png */ = {isa = PBXFileReference; lastKnownFileType = image.png; path = ic_play.png; sourceTree = "<group>"; };
		8E8F17211B04E575004F9972 /* ic_play_asphalt.png */ = {isa = PBXFileReference; lastKnownFileType = image.png; path = ic_play_asphalt.png; sourceTree = "<group>"; };
		8E8F17221B04E575004F9972 /* ic_pause_asphalt.png */ = {isa = PBXFileReference; lastKnownFileType = image.png; path = ic_pause_asphalt.png; sourceTree = "<group>"; };
		8E8F17281B050915004F9972 /* ProgressView.swift */ = {isa = PBXFileReference; fileEncoding = 4; lastKnownFileType = sourcecode.swift; path = ProgressView.swift; sourceTree = "<group>"; };
		8E8F172A1B05100B004F9972 /* ImageLoader.swift */ = {isa = PBXFileReference; fileEncoding = 4; lastKnownFileType = sourcecode.swift; path = ImageLoader.swift; sourceTree = "<group>"; };
		8EC144AD1B0B5FFA00CB4AAA /* PlaylistItem.swift */ = {isa = PBXFileReference; fileEncoding = 4; lastKnownFileType = sourcecode.swift; path = PlaylistItem.swift; sourceTree = "<group>"; };
		8EC144AF1B0B66EF00CB4AAA /* blue.jpg */ = {isa = PBXFileReference; lastKnownFileType = image.jpeg; path = blue.jpg; sourceTree = "<group>"; };
		8EC144B11B0B69A800CB4AAA /* PlayerControlBar.swift */ = {isa = PBXFileReference; fileEncoding = 4; lastKnownFileType = sourcecode.swift; path = PlayerControlBar.swift; sourceTree = "<group>"; };
		8EC144B31B0B8DEF00CB4AAA /* PlaylistTableViewCell.swift */ = {isa = PBXFileReference; fileEncoding = 4; lastKnownFileType = sourcecode.swift; path = PlaylistTableViewCell.swift; sourceTree = "<group>"; };
		8EC50B591B00F052006C009F /* CaptchaNeededVC.swift */ = {isa = PBXFileReference; fileEncoding = 4; lastKnownFileType = sourcecode.swift; path = CaptchaNeededVC.swift; sourceTree = "<group>"; };
		8ED87FF91B05DAE0008740B0 /* SettingsVC.swift */ = {isa = PBXFileReference; fileEncoding = 4; lastKnownFileType = sourcecode.swift; path = SettingsVC.swift; sourceTree = "<group>"; };
		8ED87FFB1B062C3D008740B0 /* SettingsSort.swift */ = {isa = PBXFileReference; fileEncoding = 4; lastKnownFileType = sourcecode.swift; path = SettingsSort.swift; sourceTree = "<group>"; };
		8ED880021B067F1B008740B0 /* pulltorefresharrow.png */ = {isa = PBXFileReference; lastKnownFileType = image.png; path = pulltorefresharrow.png; sourceTree = "<group>"; };
		8ED880031B067F1B008740B0 /* PullToRefreshConst.swift */ = {isa = PBXFileReference; fileEncoding = 4; lastKnownFileType = sourcecode.swift; path = PullToRefreshConst.swift; sourceTree = "<group>"; };
		8ED880041B067F1B008740B0 /* PullToRefreshView.swift */ = {isa = PBXFileReference; fileEncoding = 4; lastKnownFileType = sourcecode.swift; path = PullToRefreshView.swift; sourceTree = "<group>"; };
		8ED880051B067F1B008740B0 /* UIScrollViewExtension.swift */ = {isa = PBXFileReference; fileEncoding = 4; lastKnownFileType = sourcecode.swift; path = UIScrollViewExtension.swift; sourceTree = "<group>"; };
		8ED8800B1B0732D4008740B0 /* Colors.swift */ = {isa = PBXFileReference; fileEncoding = 4; lastKnownFileType = sourcecode.swift; path = Colors.swift; sourceTree = "<group>"; };
		8ED8800D1B085AB4008740B0 /* DownloadedFilesVC.swift */ = {isa = PBXFileReference; fileEncoding = 4; lastKnownFileType = sourcecode.swift; path = DownloadedFilesVC.swift; sourceTree = "<group>"; };
		8ED8800F1B088ACE008740B0 /* MusicPlayer.swift */ = {isa = PBXFileReference; fileEncoding = 4; lastKnownFileType = sourcecode.swift; path = MusicPlayer.swift; sourceTree = "<group>"; };
/* End PBXFileReference section */

/* Begin PBXFrameworksBuildPhase section */
		8E4AAB5A1AFE44BE00808F28 /* Frameworks */ = {
			isa = PBXFrameworksBuildPhase;
			buildActionMask = 2147483647;
			files = (
			);
			runOnlyForDeploymentPostprocessing = 0;
		};
		8E4AAB6F1AFE44BF00808F28 /* Frameworks */ = {
			isa = PBXFrameworksBuildPhase;
			buildActionMask = 2147483647;
			files = (
			);
			runOnlyForDeploymentPostprocessing = 0;
		};
/* End PBXFrameworksBuildPhase section */

/* Begin PBXGroup section */
		86B384D6C08ADC06974C4F29 /* Frameworks */ = {
			isa = PBXGroup;
			children = (
				773E6928008805D7772818C7 /* libPods.a */,
			);
			name = Frameworks;
			sourceTree = "<group>";
		};
		8E4AAB541AFE44BE00808F28 = {
			isa = PBXGroup;
			children = (
				8E4AAB5F1AFE44BE00808F28 /* Music */,
				8E4AAB751AFE44BF00808F28 /* Music */,
				8E4AAB5E1AFE44BE00808F28 /* Products */,
				86B384D6C08ADC06974C4F29 /* Frameworks */,
			);
			sourceTree = "<group>";
		};
		8E4AAB5E1AFE44BE00808F28 /* Products */ = {
			isa = PBXGroup;
			children = (
				8E4AAB5D1AFE44BE00808F28 /* Music.app */,
				8E4AAB721AFE44BF00808F28 /* MusicTests.xctest */,
			);
			name = Products;
			sourceTree = "<group>";
		};
		8E4AAB5F1AFE44BE00808F28 /* Music */ = {
			isa = PBXGroup;
			children = (
				8ED880011B067F09008740B0 /* Source */,
				8E4AAB831AFE492F00808F28 /* Controller */,
				8E4AAB821AFE492600808F28 /* Model */,
				8E4AAB841AFE493F00808F28 /* Views */,
				8E4AAB601AFE44BE00808F28 /* Supporting Files */,
			);
			name = Music;
			path = music;
			sourceTree = "<group>";
		};
		8E4AAB601AFE44BE00808F28 /* Supporting Files */ = {
			isa = PBXGroup;
			children = (
				8E5038DB1B14A3470065DD52 /* durationBack.png */,
				8E5038D91B149A5C0065DD52 /* ic_play_btn.png */,
				8E479A5F1B0F5B7100D97A5D /* black.jpg */,
				8EC144AF1B0B66EF00CB4AAA /* blue.jpg */,
				8E8F171F1B04D7A9004F9972 /* ic_play.png */,
				8E8F17211B04E575004F9972 /* ic_play_asphalt.png */,
				8E8F17221B04E575004F9972 /* ic_pause_asphalt.png */,
				8E4AAB691AFE44BE00808F28 /* Images.xcassets */,
				8E4AAB621AFE44BE00808F28 /* AppDelegate.swift */,
				8E4AAB6B1AFE44BE00808F28 /* LaunchScreen.xib */,
				8E4AAB611AFE44BE00808F28 /* Info.plist */,
			);
			name = "Supporting Files";
			sourceTree = "<group>";
		};
		8E4AAB751AFE44BF00808F28 /* Music */ = {
			isa = PBXGroup;
			children = (
				8E4AAB781AFE44BF00808F28 /* musicTests.swift */,
				8E4AAB761AFE44BF00808F28 /* Supporting Files */,
			);
			name = Music;
			path = musicTests;
			sourceTree = "<group>";
		};
		8E4AAB761AFE44BF00808F28 /* Supporting Files */ = {
			isa = PBXGroup;
			children = (
				8E4AAB771AFE44BF00808F28 /* Info.plist */,
			);
			name = "Supporting Files";
			sourceTree = "<group>";
		};
		8E4AAB821AFE492600808F28 /* Model */ = {
			isa = PBXGroup;
			children = (
				8E4AAB851AFE4D0600808F28 /* TrackList.swift */,
				8E4AAB891AFE58CF00808F28 /* SearchResultCell.swift */,
				8E4BA8F11B02574D00234C93 /* AudioPlayer.swift */,
				8EC144AD1B0B5FFA00CB4AAA /* PlaylistItem.swift */,
				8EC144B11B0B69A800CB4AAA /* PlayerControlBar.swift */,
				8EC144B31B0B8DEF00CB4AAA /* PlaylistTableViewCell.swift */,
			);
			name = Model;
			sourceTree = "<group>";
		};
		8E4AAB831AFE492F00808F28 /* Controller */ = {
			isa = PBXGroup;
			children = (
				8E4AAB871AFE560200808F28 /* APIController.swift */,
				8E4BA8E91B02403D00234C93 /* CacheHandler.swift */,
				8E8F17281B050915004F9972 /* ProgressView.swift */,
				8E8F172A1B05100B004F9972 /* ImageLoader.swift */,
				8ED8800F1B088ACE008740B0 /* MusicPlayer.swift */,
			);
			name = Controller;
			sourceTree = "<group>";
		};
		8E4AAB841AFE493F00808F28 /* Views */ = {
			isa = PBXGroup;
			children = (
				8E4AAB661AFE44BE00808F28 /* Main.storyboard */,
				8EC50B591B00F052006C009F /* CaptchaNeededVC.swift */,
				8E4AAB641AFE44BE00808F28 /* SearchResultVC.swift */,
				8E4BA9001B037FC500234C93 /* PlayMusic.swift */,
				8ED87FF91B05DAE0008740B0 /* SettingsVC.swift */,
				8ED87FFB1B062C3D008740B0 /* SettingsSort.swift */,
				8ED8800D1B085AB4008740B0 /* DownloadedFilesVC.swift */,
			);
			name = Views;
			sourceTree = "<group>";
		};
		8ED880011B067F09008740B0 /* Source */ = {
			isa = PBXGroup;
			children = (
				8E297BA61B13570300A39CE2 /* Localizable.strings */,
				8E297BAC1B14846C00A39CE2 /* MKButton.swift */,
				8E297BAE1B14853300A39CE2 /* MKLayer.swift */,
				8ED880021B067F1B008740B0 /* pulltorefresharrow.png */,
				8ED880031B067F1B008740B0 /* PullToRefreshConst.swift */,
				8ED880041B067F1B008740B0 /* PullToRefreshView.swift */,
				8ED880051B067F1B008740B0 /* UIScrollViewExtension.swift */,
				8E479A591B0F0FEF00D97A5D /* Timer.swift */,
				8E479A5A1B0F0FEF00D97A5D /* DownloadManager.swift */,
				8E479A5B1B0F0FEF00D97A5D /* Array+DownloadManager.swift */,
				8ED8800B1B0732D4008740B0 /* Colors.swift */,
			);
			name = Source;
			sourceTree = "<group>";
		};
/* End PBXGroup section */

/* Begin PBXNativeTarget section */
		8E4AAB5C1AFE44BE00808F28 /* Music */ = {
			isa = PBXNativeTarget;
			buildConfigurationList = 8E4AAB7C1AFE44BF00808F28 /* Build configuration list for PBXNativeTarget "Music" */;
			buildPhases = (
				582250BC3B95B460164DBC08 /* Check Pods Manifest.lock */,
				8E4AAB591AFE44BE00808F28 /* Sources */,
				8E4AAB5A1AFE44BE00808F28 /* Frameworks */,
				8E4AAB5B1AFE44BE00808F28 /* Resources */,
				15813620DF7E06FE4D80A290 /* Copy Pods Resources */,
			);
			buildRules = (
			);
			dependencies = (
			);
			name = Music;
			productName = music;
			productReference = 8E4AAB5D1AFE44BE00808F28 /* Music.app */;
			productType = "com.apple.product-type.application";
		};
		8E4AAB711AFE44BF00808F28 /* MusicTests */ = {
			isa = PBXNativeTarget;
			buildConfigurationList = 8E4AAB7F1AFE44BF00808F28 /* Build configuration list for PBXNativeTarget "MusicTests" */;
			buildPhases = (
				8E4AAB6E1AFE44BF00808F28 /* Sources */,
				8E4AAB6F1AFE44BF00808F28 /* Frameworks */,
				8E4AAB701AFE44BF00808F28 /* Resources */,
			);
			buildRules = (
			);
			dependencies = (
				8E4AAB741AFE44BF00808F28 /* PBXTargetDependency */,
			);
			name = MusicTests;
			productName = musicTests;
			productReference = 8E4AAB721AFE44BF00808F28 /* MusicTests.xctest */;
			productType = "com.apple.product-type.bundle.unit-test";
		};
/* End PBXNativeTarget section */

/* Begin PBXProject section */
		8E4AAB551AFE44BE00808F28 /* Project object */ = {
			isa = PBXProject;
			attributes = {
				LastUpgradeCheck = 0630;
				ORGANIZATIONNAME = veriloft;
				TargetAttributes = {
					8E4AAB5C1AFE44BE00808F28 = {
						CreatedOnToolsVersion = 6.3;
					};
					8E4AAB711AFE44BF00808F28 = {
						CreatedOnToolsVersion = 6.3;
						TestTargetID = 8E4AAB5C1AFE44BE00808F28;
					};
				};
			};
			buildConfigurationList = 8E4AAB581AFE44BE00808F28 /* Build configuration list for PBXProject "Music" */;
			compatibilityVersion = "Xcode 3.2";
			developmentRegion = English;
			hasScannedForEncodings = 0;
			knownRegions = (
				en,
				Base,
				ru,
				"tk-TM",
			);
			mainGroup = 8E4AAB541AFE44BE00808F28;
			productRefGroup = 8E4AAB5E1AFE44BE00808F28 /* Products */;
			projectDirPath = "";
			projectRoot = "";
			targets = (
				8E4AAB5C1AFE44BE00808F28 /* Music */,
				8E4AAB711AFE44BF00808F28 /* MusicTests */,
			);
		};
/* End PBXProject section */

/* Begin PBXResourcesBuildPhase section */
		8E4AAB5B1AFE44BE00808F28 /* Resources */ = {
			isa = PBXResourcesBuildPhase;
			buildActionMask = 2147483647;
			files = (
				8E4AAB681AFE44BE00808F28 /* Main.storyboard in Resources */,
				8E479A601B0F5B7100D97A5D /* black.jpg in Resources */,
				8E5038DC1B14A3470065DD52 /* durationBack.png in Resources */,
				8E5038DA1B149A5C0065DD52 /* ic_play_btn.png in Resources */,
				8E297BA41B13570300A39CE2 /* Localizable.strings in Resources */,
				8E4AAB6D1AFE44BE00808F28 /* LaunchScreen.xib in Resources */,
				8E4AAB6A1AFE44BE00808F28 /* Images.xcassets in Resources */,
				8E8F17231B04E575004F9972 /* ic_play_asphalt.png in Resources */,
				8ED880061B067F1B008740B0 /* pulltorefresharrow.png in Resources */,
				8E8F17241B04E575004F9972 /* ic_pause_asphalt.png in Resources */,
				8EC144B01B0B66EF00CB4AAA /* blue.jpg in Resources */,
				8E8F17201B04D7A9004F9972 /* ic_play.png in Resources */,
			);
			runOnlyForDeploymentPostprocessing = 0;
		};
		8E4AAB701AFE44BF00808F28 /* Resources */ = {
			isa = PBXResourcesBuildPhase;
			buildActionMask = 2147483647;
			files = (
			);
			runOnlyForDeploymentPostprocessing = 0;
		};
/* End PBXResourcesBuildPhase section */

/* Begin PBXShellScriptBuildPhase section */
		15813620DF7E06FE4D80A290 /* Copy Pods Resources */ = {
			isa = PBXShellScriptBuildPhase;
			buildActionMask = 2147483647;
			files = (
			);
			inputPaths = (
			);
			name = "Copy Pods Resources";
			outputPaths = (
			);
			runOnlyForDeploymentPostprocessing = 0;
			shellPath = /bin/sh;
			shellScript = "";
			showEnvVarsInLog = 0;
		};
		582250BC3B95B460164DBC08 /* Check Pods Manifest.lock */ = {
			isa = PBXShellScriptBuildPhase;
			buildActionMask = 2147483647;
			files = (
			);
			inputPaths = (
			);
			name = "Check Pods Manifest.lock";
			outputPaths = (
			);
			runOnlyForDeploymentPostprocessing = 0;
			shellPath = /bin/sh;
			shellScript = "
";
			showEnvVarsInLog = 0;
		};
/* End PBXShellScriptBuildPhase section */

/* Begin PBXSourcesBuildPhase section */
		8E4AAB591AFE44BE00808F28 /* Sources */ = {
			isa = PBXSourcesBuildPhase;
			buildActionMask = 2147483647;
			files = (
				8ED87FFC1B062C3D008740B0 /* SettingsSort.swift in Sources */,
				8E4AAB881AFE560200808F28 /* APIController.swift in Sources */,
				8E4AAB861AFE4D0600808F28 /* TrackList.swift in Sources */,
				8ED8800C1B0732D4008740B0 /* Colors.swift in Sources */,
				8EC144AE1B0B5FFA00CB4AAA /* PlaylistItem.swift in Sources */,
				8E4AAB651AFE44BE00808F28 /* SearchResultVC.swift in Sources */,
				8ED8800E1B085AB4008740B0 /* DownloadedFilesVC.swift in Sources */,
				8E8F17291B050915004F9972 /* ProgressView.swift in Sources */,
				8E4BA9011B037FC500234C93 /* PlayMusic.swift in Sources */,
				8E8F172B1B05100B004F9972 /* ImageLoader.swift in Sources */,
				8EC144B41B0B8DEF00CB4AAA /* PlaylistTableViewCell.swift in Sources */,
				8ED880071B067F1B008740B0 /* PullToRefreshConst.swift in Sources */,
				8ED87FFA1B05DAE0008740B0 /* SettingsVC.swift in Sources */,
				8E479A5E1B0F0FEF00D97A5D /* Array+DownloadManager.swift in Sources */,
				8E4AAB631AFE44BE00808F28 /* AppDelegate.swift in Sources */,
				8EC144B21B0B69A800CB4AAA /* PlayerControlBar.swift in Sources */,
				8E479A5C1B0F0FEF00D97A5D /* Timer.swift in Sources */,
				8E297BAF1B14853300A39CE2 /* MKLayer.swift in Sources */,
				8E479A5D1B0F0FEF00D97A5D /* DownloadManager.swift in Sources */,
				8EC50B5A1B00F052006C009F /* CaptchaNeededVC.swift in Sources */,
				8ED880091B067F1B008740B0 /* UIScrollViewExtension.swift in Sources */,
				8E4BA8F21B02574D00234C93 /* AudioPlayer.swift in Sources */,
				8E297BAD1B14846C00A39CE2 /* MKButton.swift in Sources */,
				8ED880101B088ACE008740B0 /* MusicPlayer.swift in Sources */,
				8E4AAB8A1AFE58CF00808F28 /* SearchResultCell.swift in Sources */,
				8E4BA8EA1B02403D00234C93 /* CacheHandler.swift in Sources */,
				8ED880081B067F1B008740B0 /* PullToRefreshView.swift in Sources */,
			);
			runOnlyForDeploymentPostprocessing = 0;
		};
		8E4AAB6E1AFE44BF00808F28 /* Sources */ = {
			isa = PBXSourcesBuildPhase;
			buildActionMask = 2147483647;
			files = (
				8E4AAB791AFE44BF00808F28 /* musicTests.swift in Sources */,
			);
			runOnlyForDeploymentPostprocessing = 0;
		};
/* End PBXSourcesBuildPhase section */

/* Begin PBXTargetDependency section */
		8E4AAB741AFE44BF00808F28 /* PBXTargetDependency */ = {
			isa = PBXTargetDependency;
			target = 8E4AAB5C1AFE44BE00808F28 /* Music */;
			targetProxy = 8E4AAB731AFE44BF00808F28 /* PBXContainerItemProxy */;
		};
/* End PBXTargetDependency section */

/* Begin PBXVariantGroup section */
		8E297BA61B13570300A39CE2 /* Localizable.strings */ = {
			isa = PBXVariantGroup;
			children = (
				8E297BA51B13570300A39CE2 /* en */,
				8E297BA71B1357C200A39CE2 /* ru */,
				8E297BAA1B13580200A39CE2 /* tk-TM */,
			);
			name = Localizable.strings;
			path = ../Music;
			sourceTree = "<group>";
		};
		8E4AAB661AFE44BE00808F28 /* Main.storyboard */ = {
			isa = PBXVariantGroup;
			children = (
				8E4AAB671AFE44BE00808F28 /* Base */,
				8E297BA81B1357C200A39CE2 /* ru */,
				8E297BA91B13580200A39CE2 /* tk-TM */,
			);
			name = Main.storyboard;
			sourceTree = "<group>";
		};
		8E4AAB6B1AFE44BE00808F28 /* LaunchScreen.xib */ = {
			isa = PBXVariantGroup;
			children = (
				8E4AAB6C1AFE44BE00808F28 /* Base */,
			);
			name = LaunchScreen.xib;
			sourceTree = "<group>";
		};
/* End PBXVariantGroup section */

/* Begin XCBuildConfiguration section */
		8E4AAB7A1AFE44BF00808F28 /* Debug */ = {
			isa = XCBuildConfiguration;
			buildSettings = {
				ALWAYS_SEARCH_USER_PATHS = NO;
				CLANG_CXX_LANGUAGE_STANDARD = "gnu++0x";
				CLANG_CXX_LIBRARY = "libc++";
				CLANG_ENABLE_MODULES = YES;
				CLANG_ENABLE_OBJC_ARC = YES;
				CLANG_WARN_BOOL_CONVERSION = YES;
				CLANG_WARN_CONSTANT_CONVERSION = YES;
				CLANG_WARN_DIRECT_OBJC_ISA_USAGE = YES_ERROR;
				CLANG_WARN_EMPTY_BODY = YES;
				CLANG_WARN_ENUM_CONVERSION = YES;
				CLANG_WARN_INT_CONVERSION = YES;
				CLANG_WARN_OBJC_ROOT_CLASS = YES_ERROR;
				CLANG_WARN_UNREACHABLE_CODE = YES;
				CLANG_WARN__DUPLICATE_METHOD_MATCH = YES;
				CODE_SIGN_IDENTITY = "iPhone Developer";
				"CODE_SIGN_IDENTITY[sdk=iphoneos*]" = "iPhone Developer";
				COPY_PHASE_STRIP = NO;
				DEBUG_INFORMATION_FORMAT = "dwarf-with-dsym";
				ENABLE_STRICT_OBJC_MSGSEND = YES;
				GCC_C_LANGUAGE_STANDARD = gnu99;
				GCC_DYNAMIC_NO_PIC = NO;
				GCC_NO_COMMON_BLOCKS = YES;
				GCC_OPTIMIZATION_LEVEL = 0;
				GCC_PREPROCESSOR_DEFINITIONS = (
					"DEBUG=1",
					"$(inherited)",
				);
				GCC_SYMBOLS_PRIVATE_EXTERN = NO;
				GCC_WARN_64_TO_32_BIT_CONVERSION = YES;
				GCC_WARN_ABOUT_RETURN_TYPE = YES_ERROR;
				GCC_WARN_UNDECLARED_SELECTOR = YES;
				GCC_WARN_UNINITIALIZED_AUTOS = YES_AGGRESSIVE;
				GCC_WARN_UNUSED_FUNCTION = YES;
				GCC_WARN_UNUSED_VARIABLE = YES;
				IPHONEOS_DEPLOYMENT_TARGET = 8.3;
				MTL_ENABLE_DEBUG_INFO = YES;
				ONLY_ACTIVE_ARCH = YES;
				SDKROOT = iphoneos;
				SWIFT_OPTIMIZATION_LEVEL = "-Onone";
				TARGETED_DEVICE_FAMILY = "1,2";
			};
			name = Debug;
		};
		8E4AAB7B1AFE44BF00808F28 /* Release */ = {
			isa = XCBuildConfiguration;
			buildSettings = {
				ALWAYS_SEARCH_USER_PATHS = NO;
				CLANG_CXX_LANGUAGE_STANDARD = "gnu++0x";
				CLANG_CXX_LIBRARY = "libc++";
				CLANG_ENABLE_MODULES = YES;
				CLANG_ENABLE_OBJC_ARC = YES;
				CLANG_WARN_BOOL_CONVERSION = YES;
				CLANG_WARN_CONSTANT_CONVERSION = YES;
				CLANG_WARN_DIRECT_OBJC_ISA_USAGE = YES_ERROR;
				CLANG_WARN_EMPTY_BODY = YES;
				CLANG_WARN_ENUM_CONVERSION = YES;
				CLANG_WARN_INT_CONVERSION = YES;
				CLANG_WARN_OBJC_ROOT_CLASS = YES_ERROR;
				CLANG_WARN_UNREACHABLE_CODE = YES;
				CLANG_WARN__DUPLICATE_METHOD_MATCH = YES;
				CODE_SIGN_IDENTITY = "iPhone Developer";
				"CODE_SIGN_IDENTITY[sdk=iphoneos*]" = "iPhone Developer";
				COPY_PHASE_STRIP = NO;
				DEBUG_INFORMATION_FORMAT = "dwarf-with-dsym";
				ENABLE_NS_ASSERTIONS = NO;
				ENABLE_STRICT_OBJC_MSGSEND = YES;
				GCC_C_LANGUAGE_STANDARD = gnu99;
				GCC_NO_COMMON_BLOCKS = YES;
				GCC_WARN_64_TO_32_BIT_CONVERSION = YES;
				GCC_WARN_ABOUT_RETURN_TYPE = YES_ERROR;
				GCC_WARN_UNDECLARED_SELECTOR = YES;
				GCC_WARN_UNINITIALIZED_AUTOS = YES_AGGRESSIVE;
				GCC_WARN_UNUSED_FUNCTION = YES;
				GCC_WARN_UNUSED_VARIABLE = YES;
				IPHONEOS_DEPLOYMENT_TARGET = 8.3;
				MTL_ENABLE_DEBUG_INFO = NO;
				SDKROOT = iphoneos;
				TARGETED_DEVICE_FAMILY = "1,2";
				VALIDATE_PRODUCT = YES;
			};
			name = Release;
		};
		8E4AAB7D1AFE44BF00808F28 /* Debug */ = {
			isa = XCBuildConfiguration;
			buildSettings = {
				ASSETCATALOG_COMPILER_APPICON_NAME = AppIcon;
				INFOPLIST_FILE = "$(SRCROOT)/music/Info.plist";
				IPHONEOS_DEPLOYMENT_TARGET = 8.0;
				LD_RUNPATH_SEARCH_PATHS = "$(inherited) @executable_path/Frameworks";
				PRODUCT_NAME = Music;
			};
			name = Debug;
		};
		8E4AAB7E1AFE44BF00808F28 /* Release */ = {
			isa = XCBuildConfiguration;
			buildSettings = {
				ASSETCATALOG_COMPILER_APPICON_NAME = AppIcon;
				INFOPLIST_FILE = "$(SRCROOT)/music/Info.plist";
				IPHONEOS_DEPLOYMENT_TARGET = 8.0;
				LD_RUNPATH_SEARCH_PATHS = "$(inherited) @executable_path/Frameworks";
				PRODUCT_NAME = Music;
			};
			name = Release;
		};
		8E4AAB801AFE44BF00808F28 /* Debug */ = {
			isa = XCBuildConfiguration;
			buildSettings = {
				BUNDLE_LOADER = "$(TEST_HOST)";
				FRAMEWORK_SEARCH_PATHS = (
					"$(SDKROOT)/Developer/Library/Frameworks",
					"$(inherited)",
				);
				GCC_PREPROCESSOR_DEFINITIONS = (
					"DEBUG=1",
					"$(inherited)",
				);
				INFOPLIST_FILE = musicTests/Info.plist;
				LD_RUNPATH_SEARCH_PATHS = "$(inherited) @executable_path/Frameworks @loader_path/Frameworks";
				PRODUCT_NAME = MusicTests;
				TEST_HOST = "$(BUILT_PRODUCTS_DIR)/Music.app/Music";
			};
			name = Debug;
		};
		8E4AAB811AFE44BF00808F28 /* Release */ = {
			isa = XCBuildConfiguration;
			buildSettings = {
				BUNDLE_LOADER = "$(TEST_HOST)";
				FRAMEWORK_SEARCH_PATHS = (
					"$(SDKROOT)/Developer/Library/Frameworks",
					"$(inherited)",
				);
				INFOPLIST_FILE = musicTests/Info.plist;
				LD_RUNPATH_SEARCH_PATHS = "$(inherited) @executable_path/Frameworks @loader_path/Frameworks";
				PRODUCT_NAME = MusicTests;
				TEST_HOST = "$(BUILT_PRODUCTS_DIR)/Music.app/Music";
			};
			name = Release;
		};
/* End XCBuildConfiguration section */

/* Begin XCConfigurationList section */
		8E4AAB581AFE44BE00808F28 /* Build configuration list for PBXProject "Music" */ = {
			isa = XCConfigurationList;
			buildConfigurations = (
				8E4AAB7A1AFE44BF00808F28 /* Debug */,
				8E4AAB7B1AFE44BF00808F28 /* Release */,
			);
			defaultConfigurationIsVisible = 0;
			defaultConfigurationName = Release;
		};
		8E4AAB7C1AFE44BF00808F28 /* Build configuration list for PBXNativeTarget "Music" */ = {
			isa = XCConfigurationList;
			buildConfigurations = (
				8E4AAB7D1AFE44BF00808F28 /* Debug */,
				8E4AAB7E1AFE44BF00808F28 /* Release */,
			);
			defaultConfigurationIsVisible = 0;
			defaultConfigurationName = Release;
		};
		8E4AAB7F1AFE44BF00808F28 /* Build configuration list for PBXNativeTarget "MusicTests" */ = {
			isa = XCConfigurationList;
			buildConfigurations = (
				8E4AAB801AFE44BF00808F28 /* Debug */,
				8E4AAB811AFE44BF00808F28 /* Release */,
			);
			defaultConfigurationIsVisible = 0;
			defaultConfigurationName = Release;
		};
/* End XCConfigurationList section */
	};
	rootObject = 8E4AAB551AFE44BE00808F28 /* Project object */;
}
